
Microsoft Visual Studio Solution File, Format Version 12.00
# Visual Studio Version 16
VisualStudioVersion = 16.0.30114.105
MinimumVisualStudioVersion = 10.0.40219.1
Project("{FAE04EC0-301F-11D3-BF4B-00C04F79EFBC}") = "WantList", "WantList\WantList.csproj", "{7EEBCF79-2BBB-40B8-ABB8-AA4B87681C50}"
EndProject
Project("{FAE04EC0-301F-11D3-BF4B-00C04F79EFBC}") = "WantList.Core", "WantList.Core\WantList.Core.csproj", "{37994228-943D-44F8-9388-973A55753860}"
EndProject
Global
	GlobalSection(SolutionConfigurationPlatforms) = preSolution
		Debug|Any CPU = Debug|Any CPU
		Release|Any CPU = Release|Any CPU
	EndGlobalSection
	GlobalSection(ProjectConfigurationPlatforms) = postSolution
		{7EEBCF79-2BBB-40B8-ABB8-AA4B87681C50}.Debug|Any CPU.ActiveCfg = Debug|Any CPU
		{7EEBCF79-2BBB-40B8-ABB8-AA4B87681C50}.Debug|Any CPU.Build.0 = Debug|Any CPU
		{7EEBCF79-2BBB-40B8-ABB8-AA4B87681C50}.Release|Any CPU.ActiveCfg = Release|Any CPU
		{7EEBCF79-2BBB-40B8-ABB8-AA4B87681C50}.Release|Any CPU.Build.0 = Release|Any CPU
		{37994228-943D-44F8-9388-973A55753860}.Debug|Any CPU.ActiveCfg = Debug|Any CPU
		{37994228-943D-44F8-9388-973A55753860}.Debug|Any CPU.Build.0 = Debug|Any CPU
		{37994228-943D-44F8-9388-973A55753860}.Release|Any CPU.ActiveCfg = Release|Any CPU
		{37994228-943D-44F8-9388-973A55753860}.Release|Any CPU.Build.0 = Release|Any CPU
	EndGlobalSection
	GlobalSection(SolutionProperties) = preSolution
		HideSolutionNode = FALSE
	EndGlobalSection
	GlobalSection(ExtensibilityGlobals) = postSolution
		SolutionGuid = {B07B2871-0490-46AC-BBFA-ACDE0B474F7B}
	EndGlobalSection
EndGlobal
